Microsoft Visual Studio Solution File, Format Version 12.00
# Visual Studio Version 17
VisualStudioVersion = 17.5.2.0
MinimumVisualStudioVersion = 10.0.40219.1
Project("{FAE04EC0-301F-11D3-BF4B-00C04F79EFBC}") = "TransientEventId", "TransientEventId.csproj", "{146A1716-21DD-1D88-38A4-FB6BAEE6D96E}"
EndProject
Global
	GlobalSection(SolutionConfigurationPlatforms) = preSolution
		Debug|Any CPU = Debug|Any CPU
		Release|Any CPU = Release|Any CPU
	EndGlobalSection
	GlobalSection(ProjectConfigurationPlatforms) = postSolution
		{146A1716-21DD-1D88-38A4-FB6BAEE6D96E}.Debug|Any CPU.ActiveCfg = Debug|Any CPU
		{146A1716-21DD-1D88-38A4-FB6BAEE6D96E}.Debug|Any CPU.Build.0 = Debug|Any CPU
		{146A1716-21DD-1D88-38A4-FB6BAEE6D96E}.Release|Any CPU.ActiveCfg = Release|Any CPU
		{146A1716-21DD-1D88-38A4-FB6BAEE6D96E}.Release|Any CPU.Build.0 = Release|Any CPU
	EndGlobalSection
	GlobalSection(SolutionProperties) = preSolution
		HideSolutionNode = FALSE
	EndGlobalSection
	GlobalSection(ExtensibilityGlobals) = postSolution
		SolutionGuid = {9EDD9A1A-85FA-4CAF-A512-4E4C3DE1CD49}
	EndGlobalSection
EndGlobal
